
Microsoft Visual Studio Solution File, Format Version 12.00
# Visual Studio Version 16
VisualStudioVersion = 16.0.31624.102
MinimumVisualStudioVersion = 10.0.40219.1
Project("{2150E333-8FDC-42A3-9474-1A3956D46DE8}") = "1-API", "1-API", "{D2C34E77-F343-420F-ACE0-55B9B7FB9715}"
EndProject
Project("{2150E333-8FDC-42A3-9474-1A3956D46DE8}") = "2-Domain", "2-Domain", "{C0A5F387-6A04-4D49-B347-140600C5C02F}"
EndProject
Project("{9A19103F-16F7-4668-BE54-9A1E7A4F7556}") = "ValidPassword.API", "src\ValidPassword.API\ValidPassword.API.csproj", "{E3154A08-6F42-4D80-87E0-348C86ACCCC1}"
EndProject
Project("{9A19103F-16F7-4668-BE54-9A1E7A4F7556}") = "ValidPassword.Domain", "src\ValidPassword.Domain\ValidPassword.Domain.csproj", "{16CAA6E5-56A2-43BC-B16C-3A5E0369C8F1}"
EndProject
Project("{2150E333-8FDC-42A3-9474-1A3956D46DE8}") = "3-Infra", "3-Infra", "{9ECDCE4C-F545-46D6-8C68-CE1D6A9F0C12}"
EndProject
Project("{9A19103F-16F7-4668-BE54-9A1E7A4F7556}") = "ValidPassword.Infra.Token", "src\ValidPassword.Infra.Token\ValidPassword.Infra.Token.csproj", "{137D7671-091C-4159-A5B3-03346521D248}"
EndProject
Project("{9A19103F-16F7-4668-BE54-9A1E7A4F7556}") = "ValidPassword.Infra.Data", "src\ValidPassword.Infra.Data\ValidPassword.Infra.Data.csproj", "{624E10D2-914D-4372-AE99-4D16F4639668}"
EndProject
Project("{2150E333-8FDC-42A3-9474-1A3956D46DE8}") = "4-Tests", "4-Tests", "{452E8E50-62EB-421D-AA54-66877F9BF9CC}"
EndProject
Project("{FAE04EC0-301F-11D3-BF4B-00C04F79EFBC}") = "ValidPassword.Tests", "tests\ValidPassword.Tests\ValidPassword.Tests.csproj", "{65E43653-06D2-4F95-A7A4-674FDADD66BB}"
EndProject
Project("{FAE04EC0-301F-11D3-BF4B-00C04F79EFBC}") = "ValidPassword.Infra.Logging", "src\ValidPassword.Infra.Logging\ValidPassword.Infra.Logging.csproj", "{E88CE551-B9D9-42DD-B4B8-BB8D770DF360}"
EndProject
Global
	GlobalSection(SolutionConfigurationPlatforms) = preSolution
		Debug|Any CPU = Debug|Any CPU
		Release|Any CPU = Release|Any CPU
	EndGlobalSection
	GlobalSection(ProjectConfigurationPlatforms) = postSolution
		{E3154A08-6F42-4D80-87E0-348C86ACCCC1}.Debug|Any CPU.ActiveCfg = Debug|Any CPU
		{E3154A08-6F42-4D80-87E0-348C86ACCCC1}.Debug|Any CPU.Build.0 = Debug|Any CPU
		{E3154A08-6F42-4D80-87E0-348C86ACCCC1}.Release|Any CPU.ActiveCfg = Release|Any CPU
		{E3154A08-6F42-4D80-87E0-348C86ACCCC1}.Release|Any CPU.Build.0 = Release|Any CPU
		{16CAA6E5-56A2-43BC-B16C-3A5E0369C8F1}.Debug|Any CPU.ActiveCfg = Debug|Any CPU
		{16CAA6E5-56A2-43BC-B16C-3A5E0369C8F1}.Debug|Any CPU.Build.0 = Debug|Any CPU
		{16CAA6E5-56A2-43BC-B16C-3A5E0369C8F1}.Release|Any CPU.ActiveCfg = Release|Any CPU
		{16CAA6E5-56A2-43BC-B16C-3A5E0369C8F1}.Release|Any CPU.Build.0 = Release|Any CPU
		{137D7671-091C-4159-A5B3-03346521D248}.Debug|Any CPU.ActiveCfg = Debug|Any CPU
		{137D7671-091C-4159-A5B3-03346521D248}.Debug|Any CPU.Build.0 = Debug|Any CPU
		{137D7671-091C-4159-A5B3-03346521D248}.Release|Any CPU.ActiveCfg = Release|Any CPU
		{137D7671-091C-4159-A5B3-03346521D248}.Release|Any CPU.Build.0 = Release|Any CPU
		{624E10D2-914D-4372-AE99-4D16F4639668}.Debug|Any CPU.ActiveCfg = Debug|Any CPU
		{624E10D2-914D-4372-AE99-4D16F4639668}.Debug|Any CPU.Build.0 = Debug|Any CPU
		{624E10D2-914D-4372-AE99-4D16F4639668}.Release|Any CPU.ActiveCfg = Release|Any CPU
		{624E10D2-914D-4372-AE99-4D16F4639668}.Release|Any CPU.Build.0 = Release|Any CPU
		{65E43653-06D2-4F95-A7A4-674FDADD66BB}.Debug|Any CPU.ActiveCfg = Debug|Any CPU
		{65E43653-06D2-4F95-A7A4-674FDADD66BB}.Debug|Any CPU.Build.0 = Debug|Any CPU
		{65E43653-06D2-4F95-A7A4-674FDADD66BB}.Release|Any CPU.ActiveCfg = Release|Any CPU
		{65E43653-06D2-4F95-A7A4-674FDADD66BB}.Release|Any CPU.Build.0 = Release|Any CPU
		{E88CE551-B9D9-42DD-B4B8-BB8D770DF360}.Debug|Any CPU.ActiveCfg = Debug|Any CPU
		{E88CE551-B9D9-42DD-B4B8-BB8D770DF360}.Debug|Any CPU.Build.0 = Debug|Any CPU
		{E88CE551-B9D9-42DD-B4B8-BB8D770DF360}.Release|Any CPU.ActiveCfg = Release|Any CPU
		{E88CE551-B9D9-42DD-B4B8-BB8D770DF360}.Release|Any CPU.Build.0 = Release|Any CPU
	EndGlobalSection
	GlobalSection(SolutionProperties) = preSolution
		HideSolutionNode = FALSE
	EndGlobalSection
	GlobalSection(NestedProjects) = preSolution
		{E3154A08-6F42-4D80-87E0-348C86ACCCC1} = {D2C34E77-F343-420F-ACE0-55B9B7FB9715}
		{16CAA6E5-56A2-43BC-B16C-3A5E0369C8F1} = {C0A5F387-6A04-4D49-B347-140600C5C02F}
		{137D7671-091C-4159-A5B3-03346521D248} = {9ECDCE4C-F545-46D6-8C68-CE1D6A9F0C12}
		{624E10D2-914D-4372-AE99-4D16F4639668} = {9ECDCE4C-F545-46D6-8C68-CE1D6A9F0C12}
		{65E43653-06D2-4F95-A7A4-674FDADD66BB} = {452E8E50-62EB-421D-AA54-66877F9BF9CC}
		{E88CE551-B9D9-42DD-B4B8-BB8D770DF360} = {9ECDCE4C-F545-46D6-8C68-CE1D6A9F0C12}
	EndGlobalSection
	GlobalSection(ExtensibilityGlobals) = postSolution
		SolutionGuid = {83992C06-2344-4EBD-92EF-89E298BF8C1E}
	EndGlobalSection
EndGlobal
